{
    "version": 3,
    "terraform_version": "0.11.7",
    "serial": 2,
    "lineage": "ac173892-28bf-bc4b-2d3d-b6a45fedabe2",
    "modules": [
        {
            "path": [
                "root"
            ],
            "outputs": {},
            "resources": {
                "aws_vpc.my_first_vpc": {
                    "type": "aws_vpc",
                    "depends_on": [],
                    "primary": {
                        "id": "vpc-09eb0633cb299aeb8",
                        "attributes": {
                            "arn": "arn:aws:ec2:eu-west-2:568677826102:vpc/vpc-09eb0633cb299aeb8",
                            "assign_generated_ipv6_cidr_block": "false",
                            "cidr_block": "10.0.0.0/16",
                            "default_network_acl_id": "acl-0461ed712a829e355",
                            "default_route_table_id": "rtb-054b348f855e0cd4b",
                            "default_security_group_id": "sg-068bf03d71f0155af",
                            "dhcp_options_id": "dopt-27e8b74f",
                            "enable_dns_hostnames": "false",
                            "enable_dns_support": "true",
                            "id": "vpc-09eb0633cb299aeb8",
                            "instance_tenancy": "default",
                            "ipv6_association_id": "",
                            "ipv6_cidr_block": "",
                            "main_route_table_id": "rtb-054b348f855e0cd4b",
                            "owner_id": "568677826102",
                            "tags.%": "0"
                        },
                        "meta": {
                            "schema_version": "1"
                        },
                        "tainted": false
                    },
                    "deposed": [],
                    "provider": "provider.aws"
                }
            },
            "depends_on": []
        }
    ]
}
